
Microsoft Visual Studio Solution File, Format Version 12.00
# Visual Studio 15
VisualStudioVersion = 15.0.28307.489
MinimumVisualStudioVersion = 10.0.40219.1
Project("{9A19103F-16F7-4668-BE54-9A1E7A4F7556}") = "PrimeiraApi", "PrimeiraApi\PrimeiraApi.csproj", "{F44BDD88-7E9F-4147-9D04-C386E07BA155}"
EndProject
Project("{FAE04EC0-301F-11D3-BF4B-00C04F79EFBC}") = "UnitTestProject", "UnitTestProject\UnitTestProject.csproj", "{5ED74BFF-6319-48AE-B423-1F91E9F8B0EB}"
EndProject
Global
	GlobalSection(SolutionConfigurationPlatforms) = preSolution
		Debug|Any CPU = Debug|Any CPU
		Release|Any CPU = Release|Any CPU
	EndGlobalSection
	GlobalSection(ProjectConfigurationPlatforms) = postSolution
		{F44BDD88-7E9F-4147-9D04-C386E07BA155}.Debug|Any CPU.ActiveCfg = Debug|Any CPU
		{F44BDD88-7E9F-4147-9D04-C386E07BA155}.Debug|Any CPU.Build.0 = Debug|Any CPU
		{F44BDD88-7E9F-4147-9D04-C386E07BA155}.Release|Any CPU.ActiveCfg = Release|Any CPU
		{F44BDD88-7E9F-4147-9D04-C386E07BA155}.Release|Any CPU.Build.0 = Release|Any CPU
		{5ED74BFF-6319-48AE-B423-1F91E9F8B0EB}.Debug|Any CPU.ActiveCfg = Debug|Any CPU
		{5ED74BFF-6319-48AE-B423-1F91E9F8B0EB}.Debug|Any CPU.Build.0 = Debug|Any CPU
		{5ED74BFF-6319-48AE-B423-1F91E9F8B0EB}.Release|Any CPU.ActiveCfg = Release|Any CPU
		{5ED74BFF-6319-48AE-B423-1F91E9F8B0EB}.Release|Any CPU.Build.0 = Release|Any CPU
	EndGlobalSection
	GlobalSection(SolutionProperties) = preSolution
		HideSolutionNode = FALSE
	EndGlobalSection
	GlobalSection(ExtensibilityGlobals) = postSolution
		SolutionGuid = {20E0094A-E115-44C1-A0A1-F1AB335BC0E3}
	EndGlobalSection
EndGlobal
